// !$*UTF8*$!
{
	archiveVersion = 1;
	classes = {
	};
	objectVersion = 50;
	objects = {

/* Begin PBXBuildFile section */
		6927A1C322A3C45F00E7045B /* Answer.swift in Sources */ = {isa = PBXBuildFile; fileRef = 6927A1C222A3C45F00E7045B /* Answer.swift */; };
		69E43C4422A3B86700D46269 /* AppDelegate.swift in Sources */ = {isa = PBXBuildFile; fileRef = 69E43C4322A3B86700D46269 /* AppDelegate.swift */; };
		69E43C4622A3B86700D46269 /* ViewController.swift in Sources */ = {isa = PBXBuildFile; fileRef = 69E43C4522A3B86700D46269 /* ViewController.swift */; };
		69E43C4922A3B86700D46269 /* Main.storyboard in Resources */ = {isa = PBXBuildFile; fileRef = 69E43C4722A3B86700D46269 /* Main.storyboard */; };
		69E43C4B22A3B86A00D46269 /* Assets.xcassets in Resources */ = {isa = PBXBuildFile; fileRef = 69E43C4A22A3B86A00D46269 /* Assets.xcassets */; };
		69E43C4E22A3B86A00D46269 /* LaunchScreen.storyboard in Resources */ = {isa = PBXBuildFile; fileRef = 69E43C4C22A3B86A00D46269 /* LaunchScreen.storyboard */; };
		69E43C5B22A3B9C400D46269 /* Sex.swift in Sources */ = {isa = PBXBuildFile; fileRef = 69E43C5A22A3B9C400D46269 /* Sex.swift */; };
		69E43C5D22A3BA2D00D46269 /* Question.swift in Sources */ = {isa = PBXBuildFile; fileRef = 69E43C5C22A3BA2D00D46269 /* Question.swift */; };
		69E43C5F22A3BA6300D46269 /* QuestionType.swift in Sources */ = {isa = PBXBuildFile; fileRef = 69E43C5E22A3BA6300D46269 /* QuestionType.swift */; };
		69E43C6122A3BA8500D46269 /* Questions.swift in Sources */ = {isa = PBXBuildFile; fileRef = 69E43C6022A3BA8500D46269 /* Questions.swift */; };
/* End PBXBuildFile section */

/* Begin PBXFileReference section */
		6927A1C222A3C45F00E7045B /* Answer.swift */ = {isa = PBXFileReference; lastKnownFileType = sourcecode.swift; path = Answer.swift; sourceTree = "<group>"; };
		69E43C4022A3B86700D46269 /* Initial Quiz.app */ = {isa = PBXFileReference; explicitFileType = wrapper.application; includeInIndex = 0; path = "Initial Quiz.app"; sourceTree = BUILT_PRODUCTS_DIR; };
		69E43C4322A3B86700D46269 /* AppDelegate.swift */ = {isa = PBXFileReference; lastKnownFileType = sourcecode.swift; path = AppDelegate.swift; sourceTree = "<group>"; };
		69E43C4522A3B86700D46269 /* ViewController.swift */ = {isa = PBXFileReference; lastKnownFileType = sourcecode.swift; path = ViewController.swift; sourceTree = "<group>"; };
		69E43C4822A3B86700D46269 /* Base */ = {isa = PBXFileReference; lastKnownFileType = file.storyboard; name = Base; path = Base.lproj/Main.storyboard; sourceTree = "<group>"; };
		69E43C4A22A3B86A00D46269 /* Assets.xcassets */ = {isa = PBXFileReference; lastKnownFileType = folder.assetcatalog; path = Assets.xcassets; sourceTree = "<group>"; };
		69E43C4D22A3B86A00D46269 /* Base */ = {isa = PBXFileReference; lastKnownFileType = file.storyboard; name = Base; path = Base.lproj/LaunchScreen.storyboard; sourceTree = "<group>"; };
		69E43C4F22A3B86A00D46269 /* Info.plist */ = {isa = PBXFileReference; lastKnownFileType = text.plist.xml; path = Info.plist; sourceTree = "<group>"; };
		69E43C5A22A3B9C400D46269 /* Sex.swift */ = {isa = PBXFileReference; lastKnownFileType = sourcecode.swift; path = Sex.swift; sourceTree = "<group>"; };
		69E43C5C22A3BA2D00D46269 /* Question.swift */ = {isa = PBXFileReference; lastKnownFileType = sourcecode.swift; path = Question.swift; sourceTree = "<group>"; };
		69E43C5E22A3BA6300D46269 /* QuestionType.swift */ = {isa = PBXFileReference; lastKnownFileType = sourcecode.swift; path = QuestionType.swift; sourceTree = "<group>"; };
		69E43C6022A3BA8500D46269 /* Questions.swift */ = {isa = PBXFileReference; lastKnownFileType = sourcecode.swift; path = Questions.swift; sourceTree = "<group>"; };
/* End PBXFileReference section */

/* Begin PBXFrameworksBuildPhase section */
		69E43C3D22A3B86700D46269 /* Frameworks */ = {
			isa = PBXFrameworksBuildPhase;
			buildActionMask = 2147483647;
			files = (
			);
			runOnlyForDeploymentPostprocessing = 0;
		};
/* End PBXFrameworksBuildPhase section */

/* Begin PBXGroup section */
		69E43C3722A3B86700D46269 = {
			isa = PBXGroup;
			children = (
				69E43C4222A3B86700D46269 /* Initial Quiz */,
				69E43C4122A3B86700D46269 /* Products */,
			);
			sourceTree = "<group>";
		};
		69E43C4122A3B86700D46269 /* Products */ = {
			isa = PBXGroup;
			children = (
				69E43C4022A3B86700D46269 /* Initial Quiz.app */,
			);
			name = Products;
			sourceTree = "<group>";
		};
		69E43C4222A3B86700D46269 /* Initial Quiz */ = {
			isa = PBXGroup;
			children = (
				69E43C5522A3B87600D46269 /* App */,
				69E43C5922A3B93200D46269 /* Models */,
				69E43C5822A3B8B800D46269 /* Resources */,
				69E43C5622A3B89300D46269 /* View Controllers */,
				69E43C5722A3B8A800D46269 /* Views */,
			);
			path = "Initial Quiz";
			sourceTree = "<group>";
		};
		69E43C5522A3B87600D46269 /* App */ = {
			isa = PBXGroup;
			children = (
				69E43C4322A3B86700D46269 /* AppDelegate.swift */,
				69E43C4F22A3B86A00D46269 /* Info.plist */,
			);
			path = App;
			sourceTree = "<group>";
		};
		69E43C5622A3B89300D46269 /* View Controllers */ = {
			isa = PBXGroup;
			children = (
				69E43C4522A3B86700D46269 /* ViewController.swift */,
			);
			path = "View Controllers";
			sourceTree = "<group>";
		};
		69E43C5722A3B8A800D46269 /* Views */ = {
			isa = PBXGroup;
			children = (
				69E43C4722A3B86700D46269 /* Main.storyboard */,
				69E43C4C22A3B86A00D46269 /* LaunchScreen.storyboard */,
			);
			path = Views;
			sourceTree = "<group>";
		};
		69E43C5822A3B8B800D46269 /* Resources */ = {
			isa = PBXGroup;
			children = (
				69E43C4A22A3B86A00D46269 /* Assets.xcassets */,
			);
			path = Resources;
			sourceTree = "<group>";
		};
		69E43C5922A3B93200D46269 /* Models */ = {
			isa = PBXGroup;
			children = (
				6927A1C222A3C45F00E7045B /* Answer.swift */,
				69E43C5C22A3BA2D00D46269 /* Question.swift */,
				69E43C6022A3BA8500D46269 /* Questions.swift */,
				69E43C5E22A3BA6300D46269 /* QuestionType.swift */,
				69E43C5A22A3B9C400D46269 /* Sex.swift */,
			);
			path = Models;
			sourceTree = "<group>";
		};
/* End PBXGroup section */

/* Begin PBXNativeTarget section */
		69E43C3F22A3B86700D46269 /* Initial Quiz */ = {
			isa = PBXNativeTarget;
			buildConfigurationList = 69E43C5222A3B86A00D46269 /* Build configuration list for PBXNativeTarget "Initial Quiz" */;
			buildPhases = (
				69E43C3C22A3B86700D46269 /* Sources */,
				69E43C3D22A3B86700D46269 /* Frameworks */,
				69E43C3E22A3B86700D46269 /* Resources */,
			);
			buildRules = (
			);
			dependencies = (
			);
			name = "Initial Quiz";
			productName = "Initial Quiz";
			productReference = 69E43C4022A3B86700D46269 /* Initial Quiz.app */;
			productType = "com.apple.product-type.application";
		};
/* End PBXNativeTarget section */

/* Begin PBXProject section */
		69E43C3822A3B86700D46269 /* Project object */ = {
			isa = PBXProject;
			attributes = {
				LastSwiftUpdateCheck = 1020;
				LastUpgradeCheck = 1020;
				ORGANIZATIONNAME = "Denis Bystruev";
				TargetAttributes = {
					69E43C3F22A3B86700D46269 = {
						CreatedOnToolsVersion = 10.2.1;
					};
				};
			};
			buildConfigurationList = 69E43C3B22A3B86700D46269 /* Build configuration list for PBXProject "Initial Quiz" */;
			compatibilityVersion = "Xcode 9.3";
			developmentRegion = en;
			hasScannedForEncodings = 0;
			knownRegions = (
				en,
				Base,
			);
			mainGroup = 69E43C3722A3B86700D46269;
			productRefGroup = 69E43C4122A3B86700D46269 /* Products */;
			projectDirPath = "";
			projectRoot = "";
			targets = (
				69E43C3F22A3B86700D46269 /* Initial Quiz */,
			);
		};
/* End PBXProject section */

/* Begin PBXResourcesBuildPhase section */
		69E43C3E22A3B86700D46269 /* Resources */ = {
			isa = PBXResourcesBuildPhase;
			buildActionMask = 2147483647;
			files = (
				69E43C4E22A3B86A00D46269 /* LaunchScreen.storyboard in Resources */,
				69E43C4B22A3B86A00D46269 /* Assets.xcassets in Resources */,
				69E43C4922A3B86700D46269 /* Main.storyboard in Resources */,
			);
			runOnlyForDeploymentPostprocessing = 0;
		};
/* End PBXResourcesBuildPhase section */

/* Begin PBXSourcesBuildPhase section */
		69E43C3C22A3B86700D46269 /* Sources */ = {
			isa = PBXSourcesBuildPhase;
			buildActionMask = 2147483647;
			files = (
				69E43C5F22A3BA6300D46269 /* QuestionType.swift in Sources */,
				69E43C4622A3B86700D46269 /* ViewController.swift in Sources */,
				69E43C5D22A3BA2D00D46269 /* Question.swift in Sources */,
				69E43C6122A3BA8500D46269 /* Questions.swift in Sources */,
				6927A1C322A3C45F00E7045B /* Answer.swift in Sources */,
				69E43C4422A3B86700D46269 /* AppDelegate.swift in Sources */,
				69E43C5B22A3B9C400D46269 /* Sex.swift in Sources */,
			);
			runOnlyForDeploymentPostprocessing = 0;
		};
/* End PBXSourcesBuildPhase section */

/* Begin PBXVariantGroup section */
		69E43C4722A3B86700D46269 /* Main.storyboard */ = {
			isa = PBXVariantGroup;
			children = (
				69E43C4822A3B86700D46269 /* Base */,
			);
			name = Main.storyboard;
			sourceTree = "<group>";
		};
		69E43C4C22A3B86A00D46269 /* LaunchScreen.storyboard */ = {
			isa = PBXVariantGroup;
			children = (
				69E43C4D22A3B86A00D46269 /* Base */,
			);
			name = LaunchScreen.storyboard;
			sourceTree = "<group>";
		};
/* End PBXVariantGroup section */

/* Begin XCBuildConfiguration section */
		69E43C5022A3B86A00D46269 /* Debug */ = {
			isa = XCBuildConfiguration;
			buildSettings = {
				ALWAYS_SEARCH_USER_PATHS = NO;
				CLANG_ANALYZER_NONNULL = YES;
				CLANG_ANALYZER_NUMBER_OBJECT_CONVERSION = YES_AGGRESSIVE;
				CLANG_CXX_LANGUAGE_STANDARD = "gnu++14";
				CLANG_CXX_LIBRARY = "libc++";
				CLANG_ENABLE_MODULES = YES;
				CLANG_ENABLE_OBJC_ARC = YES;
				CLANG_ENABLE_OBJC_WEAK = YES;
				CLANG_WARN_BLOCK_CAPTURE_AUTORELEASING = YES;
				CLANG_WARN_BOOL_CONVERSION = YES;
				CLANG_WARN_COMMA = YES;
				CLANG_WARN_CONSTANT_CONVERSION = YES;
				CLANG_WARN_DEPRECATED_OBJC_IMPLEMENTATIONS = YES;
				CLANG_WARN_DIRECT_OBJC_ISA_USAGE = YES_ERROR;
				CLANG_WARN_DOCUMENTATION_COMMENTS = YES;
				CLANG_WARN_EMPTY_BODY = YES;
				CLANG_WARN_ENUM_CONVERSION = YES;
				CLANG_WARN_INFINITE_RECURSION = YES;
				CLANG_WARN_INT_CONVERSION = YES;
				CLANG_WARN_NON_LITERAL_NULL_CONVERSION = YES;
				CLANG_WARN_OBJC_IMPLICIT_RETAIN_SELF = YES;
				CLANG_WARN_OBJC_LITERAL_CONVERSION = YES;
				CLANG_WARN_OBJC_ROOT_CLASS = YES_ERROR;
				CLANG_WARN_RANGE_LOOP_ANALYSIS = YES;
				CLANG_WARN_STRICT_PROTOTYPES = YES;
				CLANG_WARN_SUSPICIOUS_MOVE = YES;
				CLANG_WARN_UNGUARDED_AVAILABILITY = YES_AGGRESSIVE;
				CLANG_WARN_UNREACHABLE_CODE = YES;
				CLANG_WARN__DUPLICATE_METHOD_MATCH = YES;
				CODE_SIGN_IDENTITY = "iPhone Developer";
				COPY_PHASE_STRIP = NO;
				DEBUG_INFORMATION_FORMAT = dwarf;
				ENABLE_STRICT_OBJC_MSGSEND = YES;
				ENABLE_TESTABILITY = YES;
				GCC_C_LANGUAGE_STANDARD = gnu11;
				GCC_DYNAMIC_NO_PIC = NO;
				GCC_NO_COMMON_BLOCKS = YES;
				GCC_OPTIMIZATION_LEVEL = 0;
				GCC_PREPROCESSOR_DEFINITIONS = (
					"DEBUG=1",
					"$(inherited)",
				);
				GCC_WARN_64_TO_32_BIT_CONVERSION = YES;
				GCC_WARN_ABOUT_RETURN_TYPE = YES_ERROR;
				GCC_WARN_UNDECLARED_SELECTOR = YES;
				GCC_WARN_UNINITIALIZED_AUTOS = YES_AGGRESSIVE;
				GCC_WARN_UNUSED_FUNCTION = YES;
				GCC_WARN_UNUSED_VARIABLE = YES;
				IPHONEOS_DEPLOYMENT_TARGET = 12.2;
				MTL_ENABLE_DEBUG_INFO = INCLUDE_SOURCE;
				MTL_FAST_MATH = YES;
				ONLY_ACTIVE_ARCH = YES;
				SDKROOT = iphoneos;
				SWIFT_ACTIVE_COMPILATION_CONDITIONS = DEBUG;
				SWIFT_OPTIMIZATION_LEVEL = "-Onone";
			};
			name = Debug;
		};
		69E43C5122A3B86A00D46269 /* Release */ = {
			isa = XCBuildConfiguration;
			buildSettings = {
				ALWAYS_SEARCH_USER_PATHS = NO;
				CLANG_ANALYZER_NONNULL = YES;
				CLANG_ANALYZER_NUMBER_OBJECT_CONVERSION = YES_AGGRESSIVE;
				CLANG_CXX_LANGUAGE_STANDARD = "gnu++14";
				CLANG_CXX_LIBRARY = "libc++";
				CLANG_ENABLE_MODULES = YES;
				CLANG_ENABLE_OBJC_ARC = YES;
				CLANG_ENABLE_OBJC_WEAK = YES;
				CLANG_WARN_BLOCK_CAPTURE_AUTORELEASING = YES;
				CLANG_WARN_BOOL_CONVERSION = YES;
				CLANG_WARN_COMMA = YES;
				CLANG_WARN_CONSTANT_CONVERSION = YES;
				CLANG_WARN_DEPRECATED_OBJC_IMPLEMENTATIONS = YES;
				CLANG_WARN_DIRECT_OBJC_ISA_USAGE = YES_ERROR;
				CLANG_WARN_DOCUMENTATION_COMMENTS = YES;
				CLANG_WARN_EMPTY_BODY = YES;
				CLANG_WARN_ENUM_CONVERSION = YES;
				CLANG_WARN_INFINITE_RECURSION = YES;
				CLANG_WARN_INT_CONVERSION = YES;
				CLANG_WARN_NON_LITERAL_NULL_CONVERSION = YES;
				CLANG_WARN_OBJC_IMPLICIT_RETAIN_SELF = YES;
				CLANG_WARN_OBJC_LITERAL_CONVERSION = YES;
				CLANG_WARN_OBJC_ROOT_CLASS = YES_ERROR;
				CLANG_WARN_RANGE_LOOP_ANALYSIS = YES;
				CLANG_WARN_STRICT_PROTOTYPES = YES;
				CLANG_WARN_SUSPICIOUS_MOVE = YES;
				CLANG_WARN_UNGUARDED_AVAILABILITY = YES_AGGRESSIVE;
				CLANG_WARN_UNREACHABLE_CODE = YES;
				CLANG_WARN__DUPLICATE_METHOD_MATCH = YES;
				CODE_SIGN_IDENTITY = "iPhone Developer";
				COPY_PHASE_STRIP = NO;
				DEBUG_INFORMATION_FORMAT = "dwarf-with-dsym";
				ENABLE_NS_ASSERTIONS = NO;
				ENABLE_STRICT_OBJC_MSGSEND = YES;
				GCC_C_LANGUAGE_STANDARD = gnu11;
				GCC_NO_COMMON_BLOCKS = YES;
				GCC_WARN_64_TO_32_BIT_CONVERSION = YES;
				GCC_WARN_ABOUT_RETURN_TYPE = YES_ERROR;
				GCC_WARN_UNDECLARED_SELECTOR = YES;
				GCC_WARN_UNINITIALIZED_AUTOS = YES_AGGRESSIVE;
				GCC_WARN_UNUSED_FUNCTION = YES;
				GCC_WARN_UNUSED_VARIABLE = YES;
				IPHONEOS_DEPLOYMENT_TARGET = 12.2;
				MTL_ENABLE_DEBUG_INFO = NO;
				MTL_FAST_MATH = YES;
				SDKROOT = iphoneos;
				SWIFT_COMPILATION_MODE = wholemodule;
				SWIFT_OPTIMIZATION_LEVEL = "-O";
				VALIDATE_PRODUCT = YES;
			};
			name = Release;
		};
		69E43C5322A3B86A00D46269 /* Debug */ = {
			isa = XCBuildConfiguration;
			buildSettings = {
				ASSETCATALOG_COMPILER_APPICON_NAME = AppIcon;
				CODE_SIGN_STYLE = Automatic;
				DEVELOPMENT_TEAM = 8J39KF9DMS;
				INFOPLIST_FILE = "$(SRCROOT)/Initial Quiz/App/Info.plist";
				LD_RUNPATH_SEARCH_PATHS = (
					"$(inherited)",
					"@executable_path/Frameworks",
				);
				PRODUCT_BUNDLE_IDENTIFIER = "ru.learnSwift.Initial-Quiz";
				PRODUCT_NAME = "$(TARGET_NAME)";
				SWIFT_VERSION = 5.0;
				TARGETED_DEVICE_FAMILY = "1,2";
			};
			name = Debug;
		};
		69E43C5422A3B86A00D46269 /* Release */ = {
			isa = XCBuildConfiguration;
			buildSettings = {
				ASSETCATALOG_COMPILER_APPICON_NAME = AppIcon;
				CODE_SIGN_STYLE = Automatic;
				DEVELOPMENT_TEAM = 8J39KF9DMS;
				INFOPLIST_FILE = "$(SRCROOT)/Initial Quiz/App/Info.plist";
				LD_RUNPATH_SEARCH_PATHS = (
					"$(inherited)",
					"@executable_path/Frameworks",
				);
				PRODUCT_BUNDLE_IDENTIFIER = "ru.learnSwift.Initial-Quiz";
				PRODUCT_NAME = "$(TARGET_NAME)";
				SWIFT_VERSION = 5.0;
				TARGETED_DEVICE_FAMILY = "1,2";
			};
			name = Release;
		};
/* End XCBuildConfiguration section */

/* Begin XCConfigurationList section */
		69E43C3B22A3B86700D46269 /* Build configuration list for PBXProject "Initial Quiz" */ = {
			isa = XCConfigurationList;
			buildConfigurations = (
				69E43C5022A3B86A00D46269 /* Debug */,
				69E43C5122A3B86A00D46269 /* Release */,
			);
			defaultConfigurationIsVisible = 0;
			defaultConfigurationName = Release;
		};
		69E43C5222A3B86A00D46269 /* Build configuration list for PBXNativeTarget "Initial Quiz" */ = {
			isa = XCConfigurationList;
			buildConfigurations = (
				69E43C5322A3B86A00D46269 /* Debug */,
				69E43C5422A3B86A00D46269 /* Release */,
			);
			defaultConfigurationIsVisible = 0;
			defaultConfigurationName = Release;
		};
/* End XCConfigurationList section */
	};
	rootObject = 69E43C3822A3B86700D46269 /* Project object */;
}
